
Microsoft Visual Studio Solution File, Format Version 12.00
# Visual Studio Version 17
VisualStudioVersion = 17.4.33213.308
MinimumVisualStudioVersion = 10.0.40219.1
Project("{FAE04EC0-301F-11D3-BF4B-00C04F79EFBC}") = "Dunacusky_Evan_HW1", "Dunacusky_Evan_HW1.csproj", "{6657CB3A-B4DF-4303-B325-88135E8F84C2}"
EndProject
Global
	GlobalSection(SolutionConfigurationPlatforms) = preSolution
		Debug|Any CPU = Debug|Any CPU
		Release|Any CPU = Release|Any CPU
	EndGlobalSection
	GlobalSection(ProjectConfigurationPlatforms) = postSolution
		{6657CB3A-B4DF-4303-B325-88135E8F84C2}.Debug|Any CPU.ActiveCfg = Debug|Any CPU
		{6657CB3A-B4DF-4303-B325-88135E8F84C2}.Debug|Any CPU.Build.0 = Debug|Any CPU
		{6657CB3A-B4DF-4303-B325-88135E8F84C2}.Release|Any CPU.ActiveCfg = Release|Any CPU
		{6657CB3A-B4DF-4303-B325-88135E8F84C2}.Release|Any CPU.Build.0 = Release|Any CPU
	EndGlobalSection
	GlobalSection(SolutionProperties) = preSolution
		HideSolutionNode = FALSE
	EndGlobalSection
	GlobalSection(ExtensibilityGlobals) = postSolution
		SolutionGuid = {48078F57-86AD-4159-9AD9-3609E097068C}
	EndGlobalSection
EndGlobal
